
Microsoft Visual Studio Solution File, Format Version 12.00
# Visual Studio Version 16
VisualStudioVersion = 16.0.30320.27
MinimumVisualStudioVersion = 10.0.40219.1
Project("{FAE04EC0-301F-11D3-BF4B-00C04F79EFBC}") = "KyleBushCompiler", "KyleBushCompiler\KyleBushCompiler.csproj", "{711ECF0F-1496-464E-9412-FE549B907641}"
EndProject
Global
	GlobalSection(SolutionConfigurationPlatforms) = preSolution
		Debug|Any CPU = Debug|Any CPU
		Release|Any CPU = Release|Any CPU
	EndGlobalSection
	GlobalSection(ProjectConfigurationPlatforms) = postSolution
		{711ECF0F-1496-464E-9412-FE549B907641}.Debug|Any CPU.ActiveCfg = Debug|Any CPU
		{711ECF0F-1496-464E-9412-FE549B907641}.Debug|Any CPU.Build.0 = Debug|Any CPU
		{711ECF0F-1496-464E-9412-FE549B907641}.Release|Any CPU.ActiveCfg = Release|Any CPU
		{711ECF0F-1496-464E-9412-FE549B907641}.Release|Any CPU.Build.0 = Release|Any CPU
	EndGlobalSection
	GlobalSection(SolutionProperties) = preSolution
		HideSolutionNode = FALSE
	EndGlobalSection
	GlobalSection(ExtensibilityGlobals) = postSolution
		SolutionGuid = {20533BC2-0039-4654-BE2B-1B9EE562D937}
	EndGlobalSection
EndGlobal
